
Microsoft Visual Studio Solution File, Format Version 12.00
# Visual Studio Version 16
VisualStudioVersion = 16.0.31702.278
MinimumVisualStudioVersion = 10.0.40219.1
Project("{FAE04EC0-301F-11D3-BF4B-00C04F79EFBC}") = "LeMeilleurRepetiteur.Android", "LeMeilleurRepetiteur.Android\LeMeilleurRepetiteur.Android.csproj", "{8238DEFE-0268-4E41-A2E0-371F935A2160}"
EndProject
Project("{FAE04EC0-301F-11D3-BF4B-00C04F79EFBC}") = "LeMeilleurRepetiteur.iOS", "LeMeilleurRepetiteur.iOS\LeMeilleurRepetiteur.iOS.csproj", "{23D2F4B8-B234-49D3-864F-2C3C97AE8CCE}"
EndProject
Project("{FAE04EC0-301F-11D3-BF4B-00C04F79EFBC}") = "LeMeilleurRepetiteur", "LeMeilleurRepetiteur\LeMeilleurRepetiteur.csproj", "{F8A69994-0B7D-4952-852E-52F775A28FF8}"
EndProject
Global
	GlobalSection(SolutionConfigurationPlatforms) = preSolution
		Debug|Any CPU = Debug|Any CPU
		Debug|iPhone = Debug|iPhone
		Debug|iPhoneSimulator = Debug|iPhoneSimulator
		Release|Any CPU = Release|Any CPU
		Release|iPhone = Release|iPhone
		Release|iPhoneSimulator = Release|iPhoneSimulator
	EndGlobalSection
	GlobalSection(ProjectConfigurationPlatforms) = postSolution
		{8238DEFE-0268-4E41-A2E0-371F935A2160}.Debug|Any CPU.ActiveCfg = Debug|Any CPU
		{8238DEFE-0268-4E41-A2E0-371F935A2160}.Debug|Any CPU.Build.0 = Debug|Any CPU
		{8238DEFE-0268-4E41-A2E0-371F935A2160}.Debug|Any CPU.Deploy.0 = Debug|Any CPU
		{8238DEFE-0268-4E41-A2E0-371F935A2160}.Debug|iPhone.ActiveCfg = Debug|Any CPU
		{8238DEFE-0268-4E41-A2E0-371F935A2160}.Debug|iPhone.Build.0 = Debug|Any CPU
		{8238DEFE-0268-4E41-A2E0-371F935A2160}.Debug|iPhone.Deploy.0 = Debug|Any CPU
		{8238DEFE-0268-4E41-A2E0-371F935A2160}.Debug|iPhoneSimulator.ActiveCfg = Debug|Any CPU
		{8238DEFE-0268-4E41-A2E0-371F935A2160}.Debug|iPhoneSimulator.Build.0 = Debug|Any CPU
		{8238DEFE-0268-4E41-A2E0-371F935A2160}.Debug|iPhoneSimulator.Deploy.0 = Debug|Any CPU
		{8238DEFE-0268-4E41-A2E0-371F935A2160}.Release|Any CPU.ActiveCfg = Release|Any CPU
		{8238DEFE-0268-4E41-A2E0-371F935A2160}.Release|Any CPU.Build.0 = Release|Any CPU
		{8238DEFE-0268-4E41-A2E0-371F935A2160}.Release|Any CPU.Deploy.0 = Release|Any CPU
		{8238DEFE-0268-4E41-A2E0-371F935A2160}.Release|iPhone.ActiveCfg = Release|Any CPU
		{8238DEFE-0268-4E41-A2E0-371F935A2160}.Release|iPhone.Build.0 = Release|Any CPU
		{8238DEFE-0268-4E41-A2E0-371F935A2160}.Release|iPhone.Deploy.0 = Release|Any CPU
		{8238DEFE-0268-4E41-A2E0-371F935A2160}.Release|iPhoneSimulator.ActiveCfg = Release|Any CPU
		{8238DEFE-0268-4E41-A2E0-371F935A2160}.Release|iPhoneSimulator.Build.0 = Release|Any CPU
		{8238DEFE-0268-4E41-A2E0-371F935A2160}.Release|iPhoneSimulator.Deploy.0 = Release|Any CPU
		{23D2F4B8-B234-49D3-864F-2C3C97AE8CCE}.Debug|Any CPU.ActiveCfg = Debug|iPhone
		{23D2F4B8-B234-49D3-864F-2C3C97AE8CCE}.Debug|Any CPU.Build.0 = Debug|iPhone
		{23D2F4B8-B234-49D3-864F-2C3C97AE8CCE}.Debug|Any CPU.Deploy.0 = Debug|iPhone
		{23D2F4B8-B234-49D3-864F-2C3C97AE8CCE}.Debug|iPhone.ActiveCfg = Debug|iPhone
		{23D2F4B8-B234-49D3-864F-2C3C97AE8CCE}.Debug|iPhone.Build.0 = Debug|iPhone
		{23D2F4B8-B234-49D3-864F-2C3C97AE8CCE}.Debug|iPhone.Deploy.0 = Debug|iPhone
		{23D2F4B8-B234-49D3-864F-2C3C97AE8CCE}.Debug|iPhoneSimulator.ActiveCfg = Debug|iPhoneSimulator
		{23D2F4B8-B234-49D3-864F-2C3C97AE8CCE}.Debug|iPhoneSimulator.Build.0 = Debug|iPhoneSimulator
		{23D2F4B8-B234-49D3-864F-2C3C97AE8CCE}.Debug|iPhoneSimulator.Deploy.0 = Debug|iPhoneSimulator
		{23D2F4B8-B234-49D3-864F-2C3C97AE8CCE}.Release|Any CPU.ActiveCfg = Release|iPhoneSimulator
		{23D2F4B8-B234-49D3-864F-2C3C97AE8CCE}.Release|Any CPU.Build.0 = Release|iPhoneSimulator
		{23D2F4B8-B234-49D3-864F-2C3C97AE8CCE}.Release|Any CPU.Deploy.0 = Release|iPhoneSimulator
		{23D2F4B8-B234-49D3-864F-2C3C97AE8CCE}.Release|iPhone.ActiveCfg = Release|iPhone
		{23D2F4B8-B234-49D3-864F-2C3C97AE8CCE}.Release|iPhone.Build.0 = Release|iPhone
		{23D2F4B8-B234-49D3-864F-2C3C97AE8CCE}.Release|iPhone.Deploy.0 = Release|iPhone
		{23D2F4B8-B234-49D3-864F-2C3C97AE8CCE}.Release|iPhoneSimulator.ActiveCfg = Release|iPhoneSimulator
		{23D2F4B8-B234-49D3-864F-2C3C97AE8CCE}.Release|iPhoneSimulator.Build.0 = Release|iPhoneSimulator
		{23D2F4B8-B234-49D3-864F-2C3C97AE8CCE}.Release|iPhoneSimulator.Deploy.0 = Release|iPhoneSimulator
		{F8A69994-0B7D-4952-852E-52F775A28FF8}.Debug|Any CPU.ActiveCfg = Debug|Any CPU
		{F8A69994-0B7D-4952-852E-52F775A28FF8}.Debug|Any CPU.Build.0 = Debug|Any CPU
		{F8A69994-0B7D-4952-852E-52F775A28FF8}.Debug|Any CPU.Deploy.0 = Debug|Any CPU
		{F8A69994-0B7D-4952-852E-52F775A28FF8}.Debug|iPhone.ActiveCfg = Debug|Any CPU
		{F8A69994-0B7D-4952-852E-52F775A28FF8}.Debug|iPhone.Build.0 = Debug|Any CPU
		{F8A69994-0B7D-4952-852E-52F775A28FF8}.Debug|iPhone.Deploy.0 = Debug|Any CPU
		{F8A69994-0B7D-4952-852E-52F775A28FF8}.Debug|iPhoneSimulator.ActiveCfg = Debug|Any CPU
		{F8A69994-0B7D-4952-852E-52F775A28FF8}.Debug|iPhoneSimulator.Build.0 = Debug|Any CPU
		{F8A69994-0B7D-4952-852E-52F775A28FF8}.Debug|iPhoneSimulator.Deploy.0 = Debug|Any CPU
		{F8A69994-0B7D-4952-852E-52F775A28FF8}.Release|Any CPU.ActiveCfg = Release|Any CPU
		{F8A69994-0B7D-4952-852E-52F775A28FF8}.Release|Any CPU.Build.0 = Release|Any CPU
		{F8A69994-0B7D-4952-852E-52F775A28FF8}.Release|Any CPU.Deploy.0 = Release|Any CPU
		{F8A69994-0B7D-4952-852E-52F775A28FF8}.Release|iPhone.ActiveCfg = Release|Any CPU
		{F8A69994-0B7D-4952-852E-52F775A28FF8}.Release|iPhone.Build.0 = Release|Any CPU
		{F8A69994-0B7D-4952-852E-52F775A28FF8}.Release|iPhone.Deploy.0 = Release|Any CPU
		{F8A69994-0B7D-4952-852E-52F775A28FF8}.Release|iPhoneSimulator.ActiveCfg = Release|Any CPU
		{F8A69994-0B7D-4952-852E-52F775A28FF8}.Release|iPhoneSimulator.Build.0 = Release|Any CPU
		{F8A69994-0B7D-4952-852E-52F775A28FF8}.Release|iPhoneSimulator.Deploy.0 = Release|Any CPU
	EndGlobalSection
	GlobalSection(SolutionProperties) = preSolution
		HideSolutionNode = FALSE
	EndGlobalSection
	GlobalSection(ExtensibilityGlobals) = postSolution
		SolutionGuid = {EABA5A9F-CDAD-46E6-9CB7-99A8CC881575}
	EndGlobalSection
EndGlobal
